
Microsoft Visual Studio Solution File, Format Version 12.00
# Visual Studio Version 16
VisualStudioVersion = 16.0.31402.337
MinimumVisualStudioVersion = 10.0.40219.1
Project("{FAE04EC0-301F-11D3-BF4B-00C04F79EFBC}") = "WindowsFormsApp6", "WindowsFormsApp6\WindowsFormsApp6.csproj", "{78434BC8-9939-4D3F-A4E9-0CD46F2B491F}"
EndProject
Global
	GlobalSection(SolutionConfigurationPlatforms) = preSolution
		Debug|Any CPU = Debug|Any CPU
		Release|Any CPU = Release|Any CPU
	EndGlobalSection
	GlobalSection(ProjectConfigurationPlatforms) = postSolution
		{78434BC8-9939-4D3F-A4E9-0CD46F2B491F}.Debug|Any CPU.ActiveCfg = Debug|Any CPU
		{78434BC8-9939-4D3F-A4E9-0CD46F2B491F}.Debug|Any CPU.Build.0 = Debug|Any CPU
		{78434BC8-9939-4D3F-A4E9-0CD46F2B491F}.Release|Any CPU.ActiveCfg = Release|Any CPU
		{78434BC8-9939-4D3F-A4E9-0CD46F2B491F}.Release|Any CPU.Build.0 = Release|Any CPU
	EndGlobalSection
	GlobalSection(SolutionProperties) = preSolution
		HideSolutionNode = FALSE
	EndGlobalSection
	GlobalSection(ExtensibilityGlobals) = postSolution
		SolutionGuid = {2A5E88E6-5E50-4620-ABC9-71DDC4C8987E}
	EndGlobalSection
EndGlobal
